
Microsoft Visual Studio Solution File, Format Version 12.00
# Visual Studio 15
VisualStudioVersion = 15.0.26403.7
MinimumVisualStudioVersion = 10.0.40219.1
Project("{FAE04EC0-301F-11D3-BF4B-00C04F79EFBC}") = "LocalWeather", "LocalWeather\LocalWeather.csproj", "{E4B45AF1-F026-4771-94CE-DE92FE0B1807}"
EndProject
Project("{FAE04EC0-301F-11D3-BF4B-00C04F79EFBC}") = "OpenWeatherService", "OpenWeatherService\OpenWeatherService.csproj", "{63C45B64-8719-4C21-8883-15A1E0AC9198}"
EndProject
Global
	GlobalSection(SolutionConfigurationPlatforms) = preSolution
		Debug|Any CPU = Debug|Any CPU
		Release|Any CPU = Release|Any CPU
	EndGlobalSection
	GlobalSection(ProjectConfigurationPlatforms) = postSolution
		{E4B45AF1-F026-4771-94CE-DE92FE0B1807}.Debug|Any CPU.ActiveCfg = Debug|Any CPU
		{E4B45AF1-F026-4771-94CE-DE92FE0B1807}.Debug|Any CPU.Build.0 = Debug|Any CPU
		{E4B45AF1-F026-4771-94CE-DE92FE0B1807}.Release|Any CPU.ActiveCfg = Release|Any CPU
		{E4B45AF1-F026-4771-94CE-DE92FE0B1807}.Release|Any CPU.Build.0 = Release|Any CPU
		{63C45B64-8719-4C21-8883-15A1E0AC9198}.Debug|Any CPU.ActiveCfg = Debug|Any CPU
		{63C45B64-8719-4C21-8883-15A1E0AC9198}.Debug|Any CPU.Build.0 = Debug|Any CPU
		{63C45B64-8719-4C21-8883-15A1E0AC9198}.Release|Any CPU.ActiveCfg = Release|Any CPU
		{63C45B64-8719-4C21-8883-15A1E0AC9198}.Release|Any CPU.Build.0 = Release|Any CPU
	EndGlobalSection
	GlobalSection(SolutionProperties) = preSolution
		HideSolutionNode = FALSE
	EndGlobalSection
EndGlobal
